{
  "version": 4,
  "terraform_version": "1.6.3",
  "serial": 348,
  "lineage": "56ab83d4-9f55-186b-a849-294697c93268",
  "outputs": {},
  "resources": [
    {
      "module": "module.master",
      "mode": "data",
      "type": "openstack_images_image_v2",
      "name": "ubuntu_image",
      "provider": "provider[\"registry.terraform.io/terraform-provider-openstack/openstack\"]",
      "instances": [
        {
          "schema_version": 0,
          "attributes": {
            "checksum": "289e5eb26d4bb1e509c41205cb0667b8",
            "container_format": "bare",
            "created_at": "2023-11-14T07:10:43Z",
            "disk_format": "raw",
            "file": "/v2/images/1ed38a5e-4a15-47cb-ba66-af6691045023/file",
            "hidden": false,
            "id": "1ed38a5e-4a15-47cb-ba66-af6691045023",
            "member_status": null,
            "metadata": {},
            "min_disk_gb": 5,
            "min_ram_mb": 512,
            "most_recent": true,
            "name": "Ubuntu 20.04 LTS 64-bit",
            "name_regex": null,
            "owner": "3acf7ceddc024b86b86ef151e4972805",
            "properties": {
              "direct_url": "rbd://3a7fe5f1-0268-4e16-bb36-ff8dabbda381/images.ru-3b/1ed38a5e-4a15-47cb-ba66-af6691045023/snap",
              "hw_disk_bus": "scsi",
              "hw_qemu_guest_agent": "yes",
              "hw_scsi_model": "virtio-scsi",
              "os_distro": "ubuntu",
              "os_hash_algo": "sha512",
              "os_hash_value": "72e1dec8841efa4378fd796f4c223e6bbc43d6cda71c607dc852aef52193623b427ed06779a82b6329475c5b6386c3df8705cdbf4589cc9eedbaffc9c1968f2b",
              "os_type": "linux",
              "stores": "ru-3b,ru-3a",
              "watchdog": "pause",
              "x_sel_image_agent_type": "cloud-init",
              "x_sel_image_os_arch": "amd64",
              "x_sel_image_os_dist": "ubuntu",
              "x_sel_image_owner": "Selectel",
              "x_sel_image_source_file": "ubuntu-focal-amd64-selectel-master-product-0.1.img",
              "x_sel_image_type": "master",
              "x_sel_os_type": "linux"
            },
            "protected": false,
            "region": "ru-3",
            "schema": "/v2/schemas/image",
            "size_bytes": 4806148096,
            "size_max": null,
            "size_min": null,
            "sort_direction": "asc",
            "sort_key": "name",
            "tag": null,
            "tags": [],
            "updated_at": "2023-11-14T07:13:23Z",
            "visibility": "public"
          },
          "sensitive_attributes": []
        }
      ]
    },
    {
      "module": "module.master",
      "mode": "data",
      "type": "openstack_networking_network_v2",
      "name": "external_net",
      "provider": "provider[\"registry.terraform.io/terraform-provider-openstack/openstack\"]",
      "instances": [
        {
          "schema_version": 0,
          "attributes": {
            "admin_state_up": "true",
            "all_tags": [],
            "availability_zone_hints": [],
            "description": "",
            "dns_domain": "",
            "external": true,
            "id": "966826e6-d301-4bb5-aa13-77a324d15f0d",
            "matching_subnet_cidr": null,
            "mtu": 1500,
            "name": "external-network",
            "network_id": null,
            "region": "ru-3",
            "segments": [],
            "shared": "false",
            "status": null,
            "subnets": [
              "01b12f3b-2685-4e69-b724-2e9932ee7f55",
              "0f922f97-87f0-4d84-9278-f1a87dee936e",
              "392bb1a7-8d58-4c12-b1a0-38ee296262f0",
              "3cbc9620-5b95-431f-b8f7-b598927393df",
              "45fea0c5-8f7f-4b1e-a6f0-22bff4b16ec8",
              "466728ba-a1a8-48ad-8c2c-c03c13e776c0",
              "47cd7a73-6867-44af-974d-2f84c9cb3c47",
              "4c6f4a06-1859-401d-8b52-751dccd5cf7a",
              "641113dd-adeb-445e-a8ea-9be0fd69c7c7",
              "6617253e-8f8f-4205-9fff-d0cdb64765ad",
              "86ae307b-7aa8-437e-88c7-1f5332048bb2",
              "8b18a8b0-a3eb-4622-88d1-12b6d291a1e0",
              "95b0f7b1-401e-43ea-a695-390524a1d35d",
              "9f13fd94-e3a2-486f-bdda-1e4e3fe72839",
              "9f3607a1-0a02-4ddd-ad52-bdec1c4d687f",
              "a9eb709c-82a8-4d29-9707-28f497d554b2",
              "b9f57450-dff6-4df3-942f-f2d5b5964ac8",
              "c2578c6f-b81b-48b2-aa41-fc7e3b0be10d",
              "c5ca816f-b53f-4696-878c-967d6c4a1be8",
              "cb5bcb45-4bfa-42a3-b0a7-73247224380b",
              "cd410e31-1231-4cc2-b3af-799b39d6b2f3",
              "d31b18c4-dc8f-4ac8-ba8b-2494aa57faaf",
              "d79b9127-b5c1-4307-8b28-ba766adb79db",
              "f72a2a27-356e-4d84-8ed9-4c562bdf3449"
            ],
            "tags": null,
            "tenant_id": "5e204c6ffe184b9f8b69344d36178244",
            "transparent_vlan": false
          },
          "sensitive_attributes": []
        }
      ]
    },
    {
      "module": "module.master",
      "mode": "managed",
      "type": "openstack_blockstorage_volume_v3",
      "name": "volume_server",
      "provider": "provider[\"registry.terraform.io/terraform-provider-openstack/openstack\"]",
      "instances": [
        {
          "schema_version": 0,
          "attributes": {
            "attachment": [
              {
                "device": "/dev/sda",
                "id": "95b190a3-3124-44ed-8e21-52e16f99585d",
                "instance_id": "bc275bb7-1f33-4d43-ab70-a2d9913a8853"
              }
            ],
            "availability_zone": "ru-3b",
            "consistency_group_id": null,
            "description": "",
            "enable_online_resize": true,
            "id": "95b190a3-3124-44ed-8e21-52e16f99585d",
            "image_id": "1ed38a5e-4a15-47cb-ba66-af6691045023",
            "metadata": {},
            "multiattach": null,
            "name": "volume-for-server",
            "region": "ru-3",
            "scheduler_hints": [],
            "size": 11,
            "snapshot_id": "",
            "source_replica": null,
            "source_vol_id": "",
            "timeouts": null,
            "volume_type": "fast.ru-3b"
          },
          "sensitive_attributes": [],
          "private": "eyJlMmJmYjczMC1lY2FhLTExZTYtOGY4OC0zNDM2M2JjN2M0YzAiOnsiY3JlYXRlIjo2MDAwMDAwMDAwMDAsImRlbGV0ZSI6NjAwMDAwMDAwMDAwfX0=",
          "dependencies": [
            "module.master.data.openstack_images_image_v2.ubuntu_image"
          ]
        }
      ]
    },
    {
      "module": "module.master",
      "mode": "managed",
      "type": "openstack_compute_flavor_v2",
      "name": "flavor_server",
      "provider": "provider[\"registry.terraform.io/terraform-provider-openstack/openstack\"]",
      "instances": [
        {
          "schema_version": 0,
          "attributes": {
            "description": "",
            "disk": 0,
            "ephemeral": 0,
            "extra_specs": {
              "aggregate_instance_extra_specs:fl_size": "flex_v3"
            },
            "flavor_id": "ffda03f0-2619-46fa-bf9d-0534b63abf2e",
            "id": "ffda03f0-2619-46fa-bf9d-0534b63abf2e",
            "is_public": false,
            "name": "server-FgHtd0EZel5Ou9lU",
            "ram": 4096,
            "region": "ru-3",
            "rx_tx_factor": 1,
            "swap": 0,
            "vcpus": 2
          },
          "sensitive_attributes": [],
          "private": "bnVsbA==",
          "dependencies": [
            "module.master.random_string.random_name_server"
          ]
        }
      ]
    },
    {
      "module": "module.master",
      "mode": "managed",
      "type": "openstack_compute_floatingip_associate_v2",
      "name": "fip_tf",
      "provider": "provider[\"registry.terraform.io/terraform-provider-openstack/openstack\"]",
      "instances": [
        {
          "schema_version": 0,
          "attributes": {
            "fixed_ip": "",
            "floating_ip": "46.161.52.224",
            "id": "46.161.52.224/bc275bb7-1f33-4d43-ab70-a2d9913a8853/",
            "instance_id": "bc275bb7-1f33-4d43-ab70-a2d9913a8853",
            "region": "ru-3",
            "timeouts": null,
            "wait_until_associated": null
          },
          "sensitive_attributes": [],
          "private": "eyJlMmJmYjczMC1lY2FhLTExZTYtOGY4OC0zNDM2M2JjN2M0YzAiOnsiY3JlYXRlIjo2MDAwMDAwMDAwMDB9fQ==",
          "dependencies": [
            "module.master.data.openstack_images_image_v2.ubuntu_image",
            "module.master.openstack_blockstorage_volume_v3.volume_server",
            "module.master.openstack_compute_flavor_v2.flavor_server",
            "module.master.openstack_compute_instance_v2.server_tf",
            "module.master.openstack_compute_keypair_v2.key_tf",
            "module.master.openstack_networking_floatingip_v2.fip_tf",
            "module.master.openstack_networking_network_v2.network_tf",
            "module.master.random_string.random_name_server"
          ]
        }
      ]
    },
    {
      "module": "module.master",
      "mode": "managed",
      "type": "openstack_compute_instance_v2",
      "name": "server_tf",
      "provider": "provider[\"registry.terraform.io/terraform-provider-openstack/openstack\"]",
      "instances": [
        {
          "schema_version": 0,
          "attributes": {
            "access_ip_v4": "10.10.1.9",
            "access_ip_v6": "",
            "admin_pass": null,
            "all_metadata": {},
            "all_tags": [],
            "availability_zone": "ru-3b",
            "availability_zone_hints": null,
            "block_device": [
              {
                "boot_index": 0,
                "delete_on_termination": false,
                "destination_type": "volume",
                "device_type": "",
                "disk_bus": "",
                "guest_format": "",
                "multiattach": false,
                "source_type": "volume",
                "uuid": "95b190a3-3124-44ed-8e21-52e16f99585d",
                "volume_size": 0,
                "volume_type": ""
              }
            ],
            "config_drive": null,
            "created": "2023-11-16 18:44:23 +0000 UTC",
            "flavor_id": "ffda03f0-2619-46fa-bf9d-0534b63abf2e",
            "flavor_name": "server-FgHtd0EZel5Ou9lU",
            "floating_ip": null,
            "force_delete": false,
            "id": "bc275bb7-1f33-4d43-ab70-a2d9913a8853",
            "image_id": "Attempt to boot from volume - no image supplied",
            "image_name": null,
            "key_pair": "master_key",
            "metadata": null,
            "name": "Master",
            "network": [
              {
                "access_network": false,
                "fixed_ip_v4": "10.10.1.9",
                "fixed_ip_v6": "",
                "floating_ip": "",
                "mac": "fa:16:3e:b2:0c:27",
                "name": "network_tf",
                "port": "",
                "uuid": "887e4e8a-0489-4ee2-8ff7-6d834409bbd0"
              }
            ],
            "network_mode": null,
            "personality": [],
            "power_state": "active",
            "region": "ru-3",
            "scheduler_hints": [],
            "security_groups": [],
            "stop_before_destroy": false,
            "tags": [],
            "timeouts": null,
            "updated": "2023-11-16 18:44:32 +0000 UTC",
            "user_data": null,
            "vendor_options": [
              {
                "detach_ports_before_destroy": false,
                "ignore_resize_confirmation": true
              }
            ],
            "volume": []
          },
          "sensitive_attributes": [],
          "private": "eyJlMmJmYjczMC1lY2FhLTExZTYtOGY4OC0zNDM2M2JjN2M0YzAiOnsiY3JlYXRlIjoxODAwMDAwMDAwMDAwLCJkZWxldGUiOjE4MDAwMDAwMDAwMDAsInVwZGF0ZSI6MTgwMDAwMDAwMDAwMH19",
          "dependencies": [
            "module.master.data.openstack_images_image_v2.ubuntu_image",
            "module.master.openstack_blockstorage_volume_v3.volume_server",
            "module.master.openstack_compute_flavor_v2.flavor_server",
            "module.master.openstack_compute_keypair_v2.key_tf",
            "module.master.openstack_networking_network_v2.network_tf",
            "module.master.random_string.random_name_server"
          ]
        }
      ]
    },
    {
      "module": "module.master",
      "mode": "managed",
      "type": "openstack_compute_keypair_v2",
      "name": "key_tf",
      "provider": "provider[\"registry.terraform.io/terraform-provider-openstack/openstack\"]",
      "instances": [
        {
          "schema_version": 0,
          "attributes": {
            "fingerprint": "9f:59:03:ed:8b:61:34:98:31:48:75:cb:00:9f:9f:47",
            "id": "master_key",
            "name": "master_key",
            "private_key": "",
            "public_key": "ssh-rsa AAAAB3NzaC1yc2EAAAADAQABAAABgQDWjPmr+OGpRitW1ybZXl34cKR46Hoiku8FS2w8Ng0BS6WVHS1G7ylxQ6tyJsejI8LLw1mGscjlp3jNf4sIXp8OiH73xrf5N10JgF1aBs0MQQD7sQvwaf9OxH2Q5YTcgmDFZ/hkDcRFvgsgIqDXNyHNf+47IqOJbPqU4td0xwnAwYOr4Q0Itn6K1nH4nko0nhxm7HqoLGgNeZzcmjB0EmsDTfovbtjNHf+/SG/tDV5vQg80SLEcQzRR/jt52LU/t/jev+NaHd3MQRVrD5665UVMj8JAa73TVKmswHda0QDrJXX35i6Aipb4i4Q4bhJgZWSAxnDm3ble6W4WqEHg1Jix5LAup9LjhaaM/Wnsj/JUijlr+NHX4uD7RlXRWXFU9HmSMp31jwAx2wVHpWeVAL/3U3HuEM4WZX5HpGA+7apZ5k4wdCdodg+Hi0+aIF31AbQDOW79m3vu1vTY0uaPm6qCi0Fkd+09MOtE2kDPBGyKZPkzt/lUt01XMShotc9BQes= root@node2",
            "region": "ru-3",
            "user_id": "",
            "value_specs": null
          },
          "sensitive_attributes": [],
          "private": "bnVsbA=="
        }
      ]
    },
    {
      "module": "module.master",
      "mode": "managed",
      "type": "openstack_networking_floatingip_v2",
      "name": "fip_tf",
      "provider": "provider[\"registry.terraform.io/terraform-provider-openstack/openstack\"]",
      "instances": [
        {
          "schema_version": 0,
          "attributes": {
            "address": "46.161.52.224",
            "all_tags": [],
            "description": "",
            "dns_domain": "",
            "dns_name": "",
            "fixed_ip": "10.10.1.9",
            "id": "1bdb913f-ab12-4683-9fa7-602ba11c1686",
            "pool": "external-network",
            "port_id": "30c8d003-ad21-4d4c-9f2b-6ab269500287",
            "region": "ru-3",
            "subnet_id": null,
            "subnet_ids": null,
            "tags": [],
            "tenant_id": "2138fabc2c194d1f9f597e9f017c4dc6",
            "timeouts": null,
            "value_specs": null
          },
          "sensitive_attributes": [],
          "private": "eyJlMmJmYjczMC1lY2FhLTExZTYtOGY4OC0zNDM2M2JjN2M0YzAiOnsiY3JlYXRlIjo2MDAwMDAwMDAwMDAsImRlbGV0ZSI6NjAwMDAwMDAwMDAwfX0="
        }
      ]
    },
    {
      "module": "module.master",
      "mode": "managed",
      "type": "openstack_networking_network_v2",
      "name": "network_tf",
      "provider": "provider[\"registry.terraform.io/terraform-provider-openstack/openstack\"]",
      "instances": [
        {
          "schema_version": 0,
          "attributes": {
            "admin_state_up": true,
            "all_tags": [],
            "availability_zone_hints": [],
            "description": "",
            "dns_domain": "",
            "external": false,
            "id": "887e4e8a-0489-4ee2-8ff7-6d834409bbd0",
            "mtu": 1500,
            "name": "network_tf",
            "port_security_enabled": true,
            "qos_policy_id": "65545fca-0d0f-4c4b-9337-64a46455d33e",
            "region": "ru-3",
            "segments": [
              {
                "network_type": "vxlan",
                "physical_network": "",
                "segmentation_id": 22725
              }
            ],
            "shared": false,
            "tags": [],
            "tenant_id": "2138fabc2c194d1f9f597e9f017c4dc6",
            "timeouts": null,
            "transparent_vlan": false,
            "value_specs": null
          },
          "sensitive_attributes": [],
          "private": "eyJlMmJmYjczMC1lY2FhLTExZTYtOGY4OC0zNDM2M2JjN2M0YzAiOnsiY3JlYXRlIjo2MDAwMDAwMDAwMDAsImRlbGV0ZSI6NjAwMDAwMDAwMDAwfX0="
        }
      ]
    },
    {
      "module": "module.master",
      "mode": "managed",
      "type": "openstack_networking_router_interface_v2",
      "name": "router_interface_tf",
      "provider": "provider[\"registry.terraform.io/terraform-provider-openstack/openstack\"]",
      "instances": [
        {
          "schema_version": 0,
          "attributes": {
            "force_destroy": false,
            "id": "ad18a3c6-36a5-4523-843b-d9f66fe9a3fe",
            "port_id": "ad18a3c6-36a5-4523-843b-d9f66fe9a3fe",
            "region": "ru-3",
            "router_id": "fcf21c05-3f71-477d-b4ea-1c4d0a89d792",
            "subnet_id": "a10b5607-0ab6-4e87-bc56-60ec7448f2bf",
            "timeouts": null
          },
          "sensitive_attributes": [],
          "private": "eyJlMmJmYjczMC1lY2FhLTExZTYtOGY4OC0zNDM2M2JjN2M0YzAiOnsiY3JlYXRlIjo2MDAwMDAwMDAwMDAsImRlbGV0ZSI6NjAwMDAwMDAwMDAwfX0=",
          "dependencies": [
            "module.master.data.openstack_networking_network_v2.external_net",
            "module.master.openstack_networking_network_v2.network_tf",
            "module.master.openstack_networking_router_v2.router_tf",
            "module.master.openstack_networking_subnet_v2.subnet_tf"
          ]
        }
      ]
    },
    {
      "module": "module.master",
      "mode": "managed",
      "type": "openstack_networking_router_v2",
      "name": "router_tf",
      "provider": "provider[\"registry.terraform.io/terraform-provider-openstack/openstack\"]",
      "instances": [
        {
          "schema_version": 0,
          "attributes": {
            "admin_state_up": true,
            "all_tags": [],
            "availability_zone_hints": [],
            "description": "",
            "distributed": false,
            "enable_snat": true,
            "external_fixed_ip": [
              {
                "ip_address": "31.129.33.95",
                "subnet_id": "45fea0c5-8f7f-4b1e-a6f0-22bff4b16ec8"
              }
            ],
            "external_gateway": "966826e6-d301-4bb5-aa13-77a324d15f0d",
            "external_network_id": "966826e6-d301-4bb5-aa13-77a324d15f0d",
            "external_subnet_ids": null,
            "id": "fcf21c05-3f71-477d-b4ea-1c4d0a89d792",
            "name": "router_master",
            "region": "ru-3",
            "tags": [],
            "tenant_id": "2138fabc2c194d1f9f597e9f017c4dc6",
            "timeouts": null,
            "value_specs": null,
            "vendor_options": []
          },
          "sensitive_attributes": [],
          "private": "eyJlMmJmYjczMC1lY2FhLTExZTYtOGY4OC0zNDM2M2JjN2M0YzAiOnsiY3JlYXRlIjo2MDAwMDAwMDAwMDAsImRlbGV0ZSI6NjAwMDAwMDAwMDAwfX0=",
          "dependencies": [
            "module.master.data.openstack_networking_network_v2.external_net"
          ]
        }
      ]
    },
    {
      "module": "module.master",
      "mode": "managed",
      "type": "openstack_networking_subnet_v2",
      "name": "subnet_tf",
      "provider": "provider[\"registry.terraform.io/terraform-provider-openstack/openstack\"]",
      "instances": [
        {
          "schema_version": 0,
          "attributes": {
            "all_tags": [],
            "allocation_pool": [
              {
                "end": "10.10.1.254",
                "start": "10.10.1.2"
              }
            ],
            "allocation_pools": [
              {
                "end": "10.10.1.254",
                "start": "10.10.1.2"
              }
            ],
            "cidr": "10.10.1.0/24",
            "description": "",
            "dns_nameservers": [],
            "enable_dhcp": true,
            "gateway_ip": "10.10.1.1",
            "host_routes": [],
            "id": "a10b5607-0ab6-4e87-bc56-60ec7448f2bf",
            "ip_version": 4,
            "ipv6_address_mode": "",
            "ipv6_ra_mode": "",
            "name": "subnet_tf",
            "network_id": "887e4e8a-0489-4ee2-8ff7-6d834409bbd0",
            "no_gateway": false,
            "prefix_length": null,
            "region": "ru-3",
            "service_types": [],
            "subnetpool_id": "",
            "tags": [],
            "tenant_id": "2138fabc2c194d1f9f597e9f017c4dc6",
            "timeouts": null,
            "value_specs": null
          },
          "sensitive_attributes": [],
          "private": "eyJlMmJmYjczMC1lY2FhLTExZTYtOGY4OC0zNDM2M2JjN2M0YzAiOnsiY3JlYXRlIjo2MDAwMDAwMDAwMDAsImRlbGV0ZSI6NjAwMDAwMDAwMDAwfX0=",
          "dependencies": [
            "module.master.openstack_networking_network_v2.network_tf"
          ]
        }
      ]
    },
    {
      "module": "module.master",
      "mode": "managed",
      "type": "random_string",
      "name": "random_name_server",
      "provider": "provider[\"registry.terraform.io/hashicorp/random\"]",
      "instances": [
        {
          "schema_version": 2,
          "attributes": {
            "id": "FgHtd0EZel5Ou9lU",
            "keepers": null,
            "length": 16,
            "lower": true,
            "min_lower": 0,
            "min_numeric": 0,
            "min_special": 0,
            "min_upper": 0,
            "number": true,
            "numeric": true,
            "override_special": null,
            "result": "FgHtd0EZel5Ou9lU",
            "special": false,
            "upper": true
          },
          "sensitive_attributes": []
        }
      ]
    },
    {
      "module": "module.nodes",
      "mode": "data",
      "type": "openstack_images_image_v2",
      "name": "ubuntu_image",
      "provider": "provider[\"registry.terraform.io/terraform-provider-openstack/openstack\"]",
      "instances": [
        {
          "schema_version": 0,
          "attributes": {
            "checksum": "289e5eb26d4bb1e509c41205cb0667b8",
            "container_format": "bare",
            "created_at": "2023-11-14T07:10:43Z",
            "disk_format": "raw",
            "file": "/v2/images/1ed38a5e-4a15-47cb-ba66-af6691045023/file",
            "hidden": false,
            "id": "1ed38a5e-4a15-47cb-ba66-af6691045023",
            "member_status": null,
            "metadata": {},
            "min_disk_gb": 5,
            "min_ram_mb": 512,
            "most_recent": true,
            "name": "Ubuntu 20.04 LTS 64-bit",
            "name_regex": null,
            "owner": "3acf7ceddc024b86b86ef151e4972805",
            "properties": {
              "direct_url": "rbd://3a7fe5f1-0268-4e16-bb36-ff8dabbda381/images.ru-3b/1ed38a5e-4a15-47cb-ba66-af6691045023/snap",
              "hw_disk_bus": "scsi",
              "hw_qemu_guest_agent": "yes",
              "hw_scsi_model": "virtio-scsi",
              "os_distro": "ubuntu",
              "os_hash_algo": "sha512",
              "os_hash_value": "72e1dec8841efa4378fd796f4c223e6bbc43d6cda71c607dc852aef52193623b427ed06779a82b6329475c5b6386c3df8705cdbf4589cc9eedbaffc9c1968f2b",
              "os_type": "linux",
              "stores": "ru-3b,ru-3a",
              "watchdog": "pause",
              "x_sel_image_agent_type": "cloud-init",
              "x_sel_image_os_arch": "amd64",
              "x_sel_image_os_dist": "ubuntu",
              "x_sel_image_owner": "Selectel",
              "x_sel_image_source_file": "ubuntu-focal-amd64-selectel-master-product-0.1.img",
              "x_sel_image_type": "master",
              "x_sel_os_type": "linux"
            },
            "protected": false,
            "region": "ru-3",
            "schema": "/v2/schemas/image",
            "size_bytes": 4806148096,
            "size_max": null,
            "size_min": null,
            "sort_direction": "asc",
            "sort_key": "name",
            "tag": null,
            "tags": [],
            "updated_at": "2023-11-14T07:13:23Z",
            "visibility": "public"
          },
          "sensitive_attributes": []
        }
      ]
    },
    {
      "module": "module.nodes",
      "mode": "managed",
      "type": "openstack_blockstorage_volume_v3",
      "name": "volume_server",
      "provider": "provider[\"registry.terraform.io/terraform-provider-openstack/openstack\"]",
      "instances": [
        {
          "index_key": 0,
          "schema_version": 0,
          "attributes": {
            "attachment": [
              {
                "device": "/dev/sda",
                "id": "a83b2307-f11f-4c44-bce6-303cdbbd5e26",
                "instance_id": "8a48e514-fcd6-49bf-8221-0b30ea2fd7b7"
              }
            ],
            "availability_zone": "ru-3b",
            "consistency_group_id": null,
            "description": "",
            "enable_online_resize": true,
            "id": "a83b2307-f11f-4c44-bce6-303cdbbd5e26",
            "image_id": "1ed38a5e-4a15-47cb-ba66-af6691045023",
            "metadata": {},
            "multiattach": null,
            "name": "volume-for-server0",
            "region": "ru-3",
            "scheduler_hints": [],
            "size": 11,
            "snapshot_id": "",
            "source_replica": null,
            "source_vol_id": "",
            "timeouts": null,
            "volume_type": "fast.ru-3b"
          },
          "sensitive_attributes": [],
          "private": "eyJlMmJmYjczMC1lY2FhLTExZTYtOGY4OC0zNDM2M2JjN2M0YzAiOnsiY3JlYXRlIjo2MDAwMDAwMDAwMDAsImRlbGV0ZSI6NjAwMDAwMDAwMDAwfX0=",
          "dependencies": [
            "module.nodes.data.openstack_images_image_v2.ubuntu_image"
          ]
        },
        {
          "index_key": 1,
          "schema_version": 0,
          "attributes": {
            "attachment": [
              {
                "device": "/dev/sda",
                "id": "635c60e2-13e5-4783-b561-3105a95ccdde",
                "instance_id": "9f78b14e-dd8f-44b7-a4b2-4879d6df9e9b"
              }
            ],
            "availability_zone": "ru-3b",
            "consistency_group_id": null,
            "description": "",
            "enable_online_resize": true,
            "id": "635c60e2-13e5-4783-b561-3105a95ccdde",
            "image_id": "1ed38a5e-4a15-47cb-ba66-af6691045023",
            "metadata": {},
            "multiattach": null,
            "name": "volume-for-server1",
            "region": "ru-3",
            "scheduler_hints": [],
            "size": 11,
            "snapshot_id": "",
            "source_replica": null,
            "source_vol_id": "",
            "timeouts": null,
            "volume_type": "fast.ru-3b"
          },
          "sensitive_attributes": [],
          "private": "eyJlMmJmYjczMC1lY2FhLTExZTYtOGY4OC0zNDM2M2JjN2M0YzAiOnsiY3JlYXRlIjo2MDAwMDAwMDAwMDAsImRlbGV0ZSI6NjAwMDAwMDAwMDAwfX0=",
          "dependencies": [
            "module.nodes.data.openstack_images_image_v2.ubuntu_image"
          ]
        },
        {
          "index_key": 2,
          "schema_version": 0,
          "attributes": {
            "attachment": [
              {
                "device": "/dev/sda",
                "id": "b8cb96dc-46ce-4c5b-8467-5688785b8188",
                "instance_id": "56714e13-dab1-4ead-ae8b-237c2675992c"
              }
            ],
            "availability_zone": "ru-3b",
            "consistency_group_id": null,
            "description": "",
            "enable_online_resize": true,
            "id": "b8cb96dc-46ce-4c5b-8467-5688785b8188",
            "image_id": "1ed38a5e-4a15-47cb-ba66-af6691045023",
            "metadata": {},
            "multiattach": null,
            "name": "volume-for-server2",
            "region": "ru-3",
            "scheduler_hints": [],
            "size": 11,
            "snapshot_id": "",
            "source_replica": null,
            "source_vol_id": "",
            "timeouts": null,
            "volume_type": "fast.ru-3b"
          },
          "sensitive_attributes": [],
          "private": "eyJlMmJmYjczMC1lY2FhLTExZTYtOGY4OC0zNDM2M2JjN2M0YzAiOnsiY3JlYXRlIjo2MDAwMDAwMDAwMDAsImRlbGV0ZSI6NjAwMDAwMDAwMDAwfX0=",
          "dependencies": [
            "module.nodes.data.openstack_images_image_v2.ubuntu_image"
          ]
        }
      ]
    },
    {
      "module": "module.nodes",
      "mode": "managed",
      "type": "openstack_compute_flavor_v2",
      "name": "flavor_server",
      "provider": "provider[\"registry.terraform.io/terraform-provider-openstack/openstack\"]",
      "instances": [
        {
          "schema_version": 0,
          "attributes": {
            "description": "",
            "disk": 0,
            "ephemeral": 0,
            "extra_specs": {
              "aggregate_instance_extra_specs:fl_size": "flex_v3"
            },
            "flavor_id": "264df2dd-69c1-4320-9041-7a26bd4e8497",
            "id": "264df2dd-69c1-4320-9041-7a26bd4e8497",
            "is_public": false,
            "name": "server-node-xaZaD5yzCmRXXt5V",
            "ram": 4096,
            "region": "ru-3",
            "rx_tx_factor": 1,
            "swap": 0,
            "vcpus": 2
          },
          "sensitive_attributes": [],
          "private": "bnVsbA==",
          "dependencies": [
            "module.nodes.random_string.random_name_server"
          ]
        }
      ]
    },
    {
      "module": "module.nodes",
      "mode": "managed",
      "type": "openstack_compute_instance_v2",
      "name": "server_tf",
      "provider": "provider[\"registry.terraform.io/terraform-provider-openstack/openstack\"]",
      "instances": [
        {
          "index_key": 0,
          "schema_version": 0,
          "attributes": {
            "access_ip_v4": "10.10.1.96",
            "access_ip_v6": "",
            "admin_pass": null,
            "all_metadata": {},
            "all_tags": [],
            "availability_zone": "ru-3b",
            "availability_zone_hints": null,
            "block_device": [
              {
                "boot_index": 0,
                "delete_on_termination": false,
                "destination_type": "volume",
                "device_type": "",
                "disk_bus": "",
                "guest_format": "",
                "multiattach": false,
                "source_type": "volume",
                "uuid": "a83b2307-f11f-4c44-bce6-303cdbbd5e26",
                "volume_size": 0,
                "volume_type": ""
              }
            ],
            "config_drive": null,
            "created": "2023-11-16 18:44:23 +0000 UTC",
            "flavor_id": "264df2dd-69c1-4320-9041-7a26bd4e8497",
            "flavor_name": "server-node-xaZaD5yzCmRXXt5V",
            "floating_ip": null,
            "force_delete": false,
            "id": "8a48e514-fcd6-49bf-8221-0b30ea2fd7b7",
            "image_id": "Attempt to boot from volume - no image supplied",
            "image_name": null,
            "key_pair": "node_key",
            "metadata": null,
            "name": "node-1",
            "network": [
              {
                "access_network": false,
                "fixed_ip_v4": "10.10.1.96",
                "fixed_ip_v6": "",
                "floating_ip": "",
                "mac": "fa:16:3e:81:2e:f0",
                "name": "network_tf",
                "port": "",
                "uuid": "887e4e8a-0489-4ee2-8ff7-6d834409bbd0"
              }
            ],
            "network_mode": null,
            "personality": [],
            "power_state": "active",
            "region": "ru-3",
            "scheduler_hints": [],
            "security_groups": [],
            "stop_before_destroy": false,
            "tags": [],
            "timeouts": null,
            "updated": "2023-11-16 18:44:34 +0000 UTC",
            "user_data": null,
            "vendor_options": [
              {
                "detach_ports_before_destroy": false,
                "ignore_resize_confirmation": true
              }
            ],
            "volume": []
          },
          "sensitive_attributes": [],
          "private": "eyJlMmJmYjczMC1lY2FhLTExZTYtOGY4OC0zNDM2M2JjN2M0YzAiOnsiY3JlYXRlIjoxODAwMDAwMDAwMDAwLCJkZWxldGUiOjE4MDAwMDAwMDAwMDAsInVwZGF0ZSI6MTgwMDAwMDAwMDAwMH19",
          "dependencies": [
            "module.nodes.data.openstack_images_image_v2.ubuntu_image",
            "module.nodes.openstack_blockstorage_volume_v3.volume_server",
            "module.nodes.openstack_compute_flavor_v2.flavor_server",
            "module.nodes.openstack_compute_keypair_v2.key_tf",
            "module.nodes.random_string.random_name_server"
          ]
        },
        {
          "index_key": 1,
          "schema_version": 0,
          "attributes": {
            "access_ip_v4": "10.10.1.205",
            "access_ip_v6": "",
            "admin_pass": null,
            "all_metadata": {},
            "all_tags": [],
            "availability_zone": "ru-3b",
            "availability_zone_hints": null,
            "block_device": [
              {
                "boot_index": 0,
                "delete_on_termination": false,
                "destination_type": "volume",
                "device_type": "",
                "disk_bus": "",
                "guest_format": "",
                "multiattach": false,
                "source_type": "volume",
                "uuid": "635c60e2-13e5-4783-b561-3105a95ccdde",
                "volume_size": 0,
                "volume_type": ""
              }
            ],
            "config_drive": null,
            "created": "2023-11-16 18:44:24 +0000 UTC",
            "flavor_id": "264df2dd-69c1-4320-9041-7a26bd4e8497",
            "flavor_name": "server-node-xaZaD5yzCmRXXt5V",
            "floating_ip": null,
            "force_delete": false,
            "id": "9f78b14e-dd8f-44b7-a4b2-4879d6df9e9b",
            "image_id": "Attempt to boot from volume - no image supplied",
            "image_name": null,
            "key_pair": "node_key",
            "metadata": null,
            "name": "node-2",
            "network": [
              {
                "access_network": false,
                "fixed_ip_v4": "10.10.1.205",
                "fixed_ip_v6": "",
                "floating_ip": "",
                "mac": "fa:16:3e:90:9b:e9",
                "name": "network_tf",
                "port": "",
                "uuid": "887e4e8a-0489-4ee2-8ff7-6d834409bbd0"
              }
            ],
            "network_mode": null,
            "personality": [],
            "power_state": "active",
            "region": "ru-3",
            "scheduler_hints": [],
            "security_groups": [],
            "stop_before_destroy": false,
            "tags": [],
            "timeouts": null,
            "updated": "2023-11-16 18:44:36 +0000 UTC",
            "user_data": null,
            "vendor_options": [
              {
                "detach_ports_before_destroy": false,
                "ignore_resize_confirmation": true
              }
            ],
            "volume": []
          },
          "sensitive_attributes": [],
          "private": "eyJlMmJmYjczMC1lY2FhLTExZTYtOGY4OC0zNDM2M2JjN2M0YzAiOnsiY3JlYXRlIjoxODAwMDAwMDAwMDAwLCJkZWxldGUiOjE4MDAwMDAwMDAwMDAsInVwZGF0ZSI6MTgwMDAwMDAwMDAwMH19",
          "dependencies": [
            "module.nodes.data.openstack_images_image_v2.ubuntu_image",
            "module.nodes.openstack_blockstorage_volume_v3.volume_server",
            "module.nodes.openstack_compute_flavor_v2.flavor_server",
            "module.nodes.openstack_compute_keypair_v2.key_tf",
            "module.nodes.random_string.random_name_server"
          ]
        },
        {
          "index_key": 2,
          "schema_version": 0,
          "attributes": {
            "access_ip_v4": "10.10.1.115",
            "access_ip_v6": "",
            "admin_pass": null,
            "all_metadata": {},
            "all_tags": [],
            "availability_zone": "ru-3b",
            "availability_zone_hints": null,
            "block_device": [
              {
                "boot_index": 0,
                "delete_on_termination": false,
                "destination_type": "volume",
                "device_type": "",
                "disk_bus": "",
                "guest_format": "",
                "multiattach": false,
                "source_type": "volume",
                "uuid": "b8cb96dc-46ce-4c5b-8467-5688785b8188",
                "volume_size": 0,
                "volume_type": ""
              }
            ],
            "config_drive": null,
            "created": "2023-11-16 18:44:23 +0000 UTC",
            "flavor_id": "264df2dd-69c1-4320-9041-7a26bd4e8497",
            "flavor_name": "server-node-xaZaD5yzCmRXXt5V",
            "floating_ip": null,
            "force_delete": false,
            "id": "56714e13-dab1-4ead-ae8b-237c2675992c",
            "image_id": "Attempt to boot from volume - no image supplied",
            "image_name": null,
            "key_pair": "node_key",
            "metadata": null,
            "name": "node-3",
            "network": [
              {
                "access_network": false,
                "fixed_ip_v4": "10.10.1.115",
                "fixed_ip_v6": "",
                "floating_ip": "",
                "mac": "fa:16:3e:39:34:b7",
                "name": "network_tf",
                "port": "",
                "uuid": "887e4e8a-0489-4ee2-8ff7-6d834409bbd0"
              }
            ],
            "network_mode": null,
            "personality": [],
            "power_state": "active",
            "region": "ru-3",
            "scheduler_hints": [],
            "security_groups": [],
            "stop_before_destroy": false,
            "tags": [],
            "timeouts": null,
            "updated": "2023-11-16 18:44:32 +0000 UTC",
            "user_data": null,
            "vendor_options": [
              {
                "detach_ports_before_destroy": false,
                "ignore_resize_confirmation": true
              }
            ],
            "volume": []
          },
          "sensitive_attributes": [],
          "private": "eyJlMmJmYjczMC1lY2FhLTExZTYtOGY4OC0zNDM2M2JjN2M0YzAiOnsiY3JlYXRlIjoxODAwMDAwMDAwMDAwLCJkZWxldGUiOjE4MDAwMDAwMDAwMDAsInVwZGF0ZSI6MTgwMDAwMDAwMDAwMH19",
          "dependencies": [
            "module.nodes.data.openstack_images_image_v2.ubuntu_image",
            "module.nodes.openstack_blockstorage_volume_v3.volume_server",
            "module.nodes.openstack_compute_flavor_v2.flavor_server",
            "module.nodes.openstack_compute_keypair_v2.key_tf",
            "module.nodes.random_string.random_name_server"
          ]
        }
      ]
    },
    {
      "module": "module.nodes",
      "mode": "managed",
      "type": "openstack_compute_keypair_v2",
      "name": "key_tf",
      "provider": "provider[\"registry.terraform.io/terraform-provider-openstack/openstack\"]",
      "instances": [
        {
          "schema_version": 0,
          "attributes": {
            "fingerprint": "11:84:4f:02:aa:79:62:14:68:30:3d:3c:5a:8e:82:cc",
            "id": "node_key",
            "name": "node_key",
            "private_key": "",
            "public_key": "ssh-rsa AAAAB3NzaC1yc2EAAAADAQABAAABgQC/ksUHmYkdzRAM4DHuyXAmRrzCluYs34QQc6IsEKwe/Jl6t0+ggvFl0I5XZUXCZAxcaS6Tiyq0zWfFQm4oupz2rqVFUjg8Fo3Cwb5mJsqhn9e33d3Gj2mDvhe5o/QvpCTUoFJcXICR56q2eFgkpVkD+1DTgI3g5Zs7T3uqbD5ehT8h7f/0C0lL5eXa9mGouCGABWSqHcpBzo52jCuw5im3VVSY2Xd4AOFxMFU1y2hMXM9ig/eyc9W2U+0j7+S3PbFGTaFUgBa51ws7WCqcMgf//8wXszO5MVAocUJh3nFYtSjQ2nlZz3ewhjnBNQ/FiAVQaiFdHZBRaMIYNStEfAkx9qwCaHr8MuQX+vbxsquPCTbcPbjUg+eYYnMV4G7VHHvhhbLx3SAYpJ52S4FUZzUlszE3SyV+ZyDtm6aR2pz3IbUpahL9l/g63tqksLpwXg9JOx+rAjd3qhlSyNKJOUo6ZTauVxveHkdOB5dw0Ns6G8gTX+CgS6gsW+gf8ChCfAE= golovitskii.d@golovitskii-d",
            "region": "ru-3",
            "user_id": "",
            "value_specs": null
          },
          "sensitive_attributes": [],
          "private": "bnVsbA=="
        }
      ]
    },
    {
      "module": "module.nodes",
      "mode": "managed",
      "type": "random_string",
      "name": "random_name_server",
      "provider": "provider[\"registry.terraform.io/hashicorp/random\"]",
      "instances": [
        {
          "schema_version": 2,
          "attributes": {
            "id": "xaZaD5yzCmRXXt5V",
            "keepers": null,
            "length": 16,
            "lower": true,
            "min_lower": 0,
            "min_numeric": 0,
            "min_special": 0,
            "min_upper": 0,
            "number": true,
            "numeric": true,
            "override_special": null,
            "result": "xaZaD5yzCmRXXt5V",
            "special": false,
            "upper": true
          },
          "sensitive_attributes": []
        }
      ]
    }
  ],
  "check_results": null
}
